
Microsoft Visual Studio Solution File, Format Version 12.00
# Visual Studio Version 17
VisualStudioVersion = 17.0.31903.59
MinimumVisualStudioVersion = 10.0.40219.1
Project("{2150E333-8FDC-42A3-9474-1A3956D46DE8}") = "src", "src", "{827E0CD3-B72D-47B6-A68D-7590B98EB39B}"
EndProject
Project("{FAE04EC0-301F-11D3-BF4B-00C04F79EFBC}") = "Argus", "src\Argus\Argus.csproj", "{3A030608-4056-47C9-BBB1-CE18BF89FA9F}"
EndProject
Project("{2150E333-8FDC-42A3-9474-1A3956D46DE8}") = "tests", "tests", "{0AB3BF05-4346-4AA6-1389-037BE0695223}"
EndProject
Project("{FAE04EC0-301F-11D3-BF4B-00C04F79EFBC}") = "Argus.Tests", "tests\Argus.Tests\Argus.Tests.csproj", "{49122A59-7D0D-4296-B132-AA16B1C15083}"
EndProject
Global
	GlobalSection(SolutionConfigurationPlatforms) = preSolution
		Debug|Any CPU = Debug|Any CPU
		Debug|x64 = Debug|x64
		Debug|x86 = Debug|x86
		Release|Any CPU = Release|Any CPU
		Release|x64 = Release|x64
		Release|x86 = Release|x86
	EndGlobalSection
	GlobalSection(ProjectConfigurationPlatforms) = postSolution
		{3A030608-4056-47C9-BBB1-CE18BF89FA9F}.Debug|Any CPU.ActiveCfg = Debug|Any CPU
		{3A030608-4056-47C9-BBB1-CE18BF89FA9F}.Debug|Any CPU.Build.0 = Debug|Any CPU
		{3A030608-4056-47C9-BBB1-CE18BF89FA9F}.Debug|x64.ActiveCfg = Debug|Any CPU
		{3A030608-4056-47C9-BBB1-CE18BF89FA9F}.Debug|x64.Build.0 = Debug|Any CPU
		{3A030608-4056-47C9-BBB1-CE18BF89FA9F}.Debug|x86.ActiveCfg = Debug|Any CPU
		{3A030608-4056-47C9-BBB1-CE18BF89FA9F}.Debug|x86.Build.0 = Debug|Any CPU
		{3A030608-4056-47C9-BBB1-CE18BF89FA9F}.Release|Any CPU.ActiveCfg = Release|Any CPU
		{3A030608-4056-47C9-BBB1-CE18BF89FA9F}.Release|Any CPU.Build.0 = Release|Any CPU
		{3A030608-4056-47C9-BBB1-CE18BF89FA9F}.Release|x64.ActiveCfg = Release|Any CPU
		{3A030608-4056-47C9-BBB1-CE18BF89FA9F}.Release|x64.Build.0 = Release|Any CPU
		{3A030608-4056-47C9-BBB1-CE18BF89FA9F}.Release|x86.ActiveCfg = Release|Any CPU
		{3A030608-4056-47C9-BBB1-CE18BF89FA9F}.Release|x86.Build.0 = Release|Any CPU
		{49122A59-7D0D-4296-B132-AA16B1C15083}.Debug|Any CPU.ActiveCfg = Debug|Any CPU
		{49122A59-7D0D-4296-B132-AA16B1C15083}.Debug|Any CPU.Build.0 = Debug|Any CPU
		{49122A59-7D0D-4296-B132-AA16B1C15083}.Debug|x64.ActiveCfg = Debug|Any CPU
		{49122A59-7D0D-4296-B132-AA16B1C15083}.Debug|x64.Build.0 = Debug|Any CPU
		{49122A59-7D0D-4296-B132-AA16B1C15083}.Debug|x86.ActiveCfg = Debug|Any CPU
		{49122A59-7D0D-4296-B132-AA16B1C15083}.Debug|x86.Build.0 = Debug|Any CPU
		{49122A59-7D0D-4296-B132-AA16B1C15083}.Release|Any CPU.ActiveCfg = Release|Any CPU
		{49122A59-7D0D-4296-B132-AA16B1C15083}.Release|Any CPU.Build.0 = Release|Any CPU
		{49122A59-7D0D-4296-B132-AA16B1C15083}.Release|x64.ActiveCfg = Release|Any CPU
		{49122A59-7D0D-4296-B132-AA16B1C15083}.Release|x64.Build.0 = Release|Any CPU
		{49122A59-7D0D-4296-B132-AA16B1C15083}.Release|x86.ActiveCfg = Release|Any CPU
		{49122A59-7D0D-4296-B132-AA16B1C15083}.Release|x86.Build.0 = Release|Any CPU
	EndGlobalSection
	GlobalSection(SolutionProperties) = preSolution
		HideSolutionNode = FALSE
	EndGlobalSection
	GlobalSection(NestedProjects) = preSolution
		{3A030608-4056-47C9-BBB1-CE18BF89FA9F} = {827E0CD3-B72D-47B6-A68D-7590B98EB39B}
		{49122A59-7D0D-4296-B132-AA16B1C15083} = {0AB3BF05-4346-4AA6-1389-037BE0695223}
	EndGlobalSection
EndGlobal
